// !$*UTF8*$!
{
	archiveVersion = 1;
	classes = {
	};
	objectVersion = 50;
	objects = {

/* Begin PBXBuildFile section */
		2301006126F85C79008EDCD9 /* Assets.xcassets in Resources */ = {isa = PBXBuildFile; fileRef = 2301006026F85C79008EDCD9 /* Assets.xcassets */; };
		2301006426F85C79008EDCD9 /* Preview Assets.xcassets in Resources */ = {isa = PBXBuildFile; fileRef = 2301006326F85C79008EDCD9 /* Preview Assets.xcassets */; };
		23708B1726FC6695004B199C /* Stopwatch.swift in Sources */ = {isa = PBXBuildFile; fileRef = 23708B1626FC6695004B199C /* Stopwatch.swift */; };
		23708B1926FC76A1004B199C /* WelcomeView.swift in Sources */ = {isa = PBXBuildFile; fileRef = 23708B1826FC76A1004B199C /* WelcomeView.swift */; };
		23708B1B26FC777E004B199C /* BottomTextView.swift in Sources */ = {isa = PBXBuildFile; fileRef = 23708B1A26FC777E004B199C /* BottomTextView.swift */; };
		23708B1D26FC77D5004B199C /* StopwatchColor.swift in Sources */ = {isa = PBXBuildFile; fileRef = 23708B1C26FC77D5004B199C /* StopwatchColor.swift */; };
		23708B1F26FC78FE004B199C /* StartStopWatchView.swift in Sources */ = {isa = PBXBuildFile; fileRef = 23708B1E26FC78FE004B199C /* StartStopWatchView.swift */; };
		23708B2526FC9592004B199C /* StopWatchViewModel.swift in Sources */ = {isa = PBXBuildFile; fileRef = 23708B2426FC9592004B199C /* StopWatchViewModel.swift */; };
		23708B2726FC9631004B199C /* StopWatch.swift in Sources */ = {isa = PBXBuildFile; fileRef = 23708B2626FC9631004B199C /* StopWatch.swift */; };
		23B87DB72700F40200B50290 /* TestTimerZView.swift in Sources */ = {isa = PBXBuildFile; fileRef = 23B87DB62700F40200B50290 /* TestTimerZView.swift */; };
		23B87DB92700F79F00B50290 /* ToggleTextButton.swift in Sources */ = {isa = PBXBuildFile; fileRef = 23B87DB82700F79F00B50290 /* ToggleTextButton.swift */; };
/* End PBXBuildFile section */

/* Begin PBXFileReference section */
		2301005926F85C77008EDCD9 /* Stopwatch.app */ = {isa = PBXFileReference; explicitFileType = wrapper.application; includeInIndex = 0; path = Stopwatch.app; sourceTree = BUILT_PRODUCTS_DIR; };
		2301006026F85C79008EDCD9 /* Assets.xcassets */ = {isa = PBXFileReference; lastKnownFileType = folder.assetcatalog; path = Assets.xcassets; sourceTree = "<group>"; };
		2301006326F85C79008EDCD9 /* Preview Assets.xcassets */ = {isa = PBXFileReference; lastKnownFileType = folder.assetcatalog; path = "Preview Assets.xcassets"; sourceTree = "<group>"; };
		2301006526F85C79008EDCD9 /* Info.plist */ = {isa = PBXFileReference; lastKnownFileType = text.plist.xml; path = Info.plist; sourceTree = "<group>"; };
		23708B1626FC6695004B199C /* Stopwatch.swift */ = {isa = PBXFileReference; lastKnownFileType = sourcecode.swift; path = Stopwatch.swift; sourceTree = "<group>"; };
		23708B1826FC76A1004B199C /* WelcomeView.swift */ = {isa = PBXFileReference; lastKnownFileType = sourcecode.swift; path = WelcomeView.swift; sourceTree = "<group>"; };
		23708B1A26FC777E004B199C /* BottomTextView.swift */ = {isa = PBXFileReference; lastKnownFileType = sourcecode.swift; path = BottomTextView.swift; sourceTree = "<group>"; };
		23708B1C26FC77D5004B199C /* StopwatchColor.swift */ = {isa = PBXFileReference; lastKnownFileType = sourcecode.swift; path = StopwatchColor.swift; sourceTree = "<group>"; };
		23708B1E26FC78FE004B199C /* StartStopWatchView.swift */ = {isa = PBXFileReference; lastKnownFileType = sourcecode.swift; path = StartStopWatchView.swift; sourceTree = "<group>"; };
		23708B2426FC9592004B199C /* StopWatchViewModel.swift */ = {isa = PBXFileReference; lastKnownFileType = sourcecode.swift; path = StopWatchViewModel.swift; sourceTree = "<group>"; };
		23708B2626FC9631004B199C /* StopWatch.swift */ = {isa = PBXFileReference; lastKnownFileType = sourcecode.swift; path = StopWatch.swift; sourceTree = "<group>"; };
		23B87DB62700F40200B50290 /* TestTimerZView.swift */ = {isa = PBXFileReference; lastKnownFileType = sourcecode.swift; path = TestTimerZView.swift; sourceTree = "<group>"; };
		23B87DB82700F79F00B50290 /* ToggleTextButton.swift */ = {isa = PBXFileReference; lastKnownFileType = sourcecode.swift; path = ToggleTextButton.swift; sourceTree = "<group>"; };
/* End PBXFileReference section */

/* Begin PBXFrameworksBuildPhase section */
		2301005626F85C77008EDCD9 /* Frameworks */ = {
			isa = PBXFrameworksBuildPhase;
			buildActionMask = 2147483647;
			files = (
			);
			runOnlyForDeploymentPostprocessing = 0;
		};
/* End PBXFrameworksBuildPhase section */

/* Begin PBXGroup section */
		2301005026F85C77008EDCD9 = {
			isa = PBXGroup;
			children = (
				2301005B26F85C77008EDCD9 /* Stopwatch */,
				2301005A26F85C77008EDCD9 /* Products */,
			);
			sourceTree = "<group>";
		};
		2301005A26F85C77008EDCD9 /* Products */ = {
			isa = PBXGroup;
			children = (
				2301005926F85C77008EDCD9 /* Stopwatch.app */,
			);
			name = Products;
			sourceTree = "<group>";
		};
		2301005B26F85C77008EDCD9 /* Stopwatch */ = {
			isa = PBXGroup;
			children = (
				23F5B1C227025D1C0064EE0C /* Unused Views */,
				23F1AB2126F8A6320017F6F8 /* ViewModels */,
				23F1AB2026F8A6140017F6F8 /* Models */,
				23F1AB1F26F8A6050017F6F8 /* Views */,
				2301006026F85C79008EDCD9 /* Assets.xcassets */,
				2301006526F85C79008EDCD9 /* Info.plist */,
				2301006226F85C79008EDCD9 /* Preview Content */,
			);
			path = Stopwatch;
			sourceTree = "<group>";
		};
		2301006226F85C79008EDCD9 /* Preview Content */ = {
			isa = PBXGroup;
			children = (
				2301006326F85C79008EDCD9 /* Preview Assets.xcassets */,
			);
			path = "Preview Content";
			sourceTree = "<group>";
		};
		23F1AB1F26F8A6050017F6F8 /* Views */ = {
			isa = PBXGroup;
			children = (
				23708B1626FC6695004B199C /* Stopwatch.swift */,
				23B87DB62700F40200B50290 /* TestTimerZView.swift */,
				23B87DB82700F79F00B50290 /* ToggleTextButton.swift */,
			);
			path = Views;
			sourceTree = "<group>";
		};
		23F1AB2026F8A6140017F6F8 /* Models */ = {
			isa = PBXGroup;
			children = (
				23708B2626FC9631004B199C /* StopWatch.swift */,
			);
			path = Models;
			sourceTree = "<group>";
		};
		23F1AB2126F8A6320017F6F8 /* ViewModels */ = {
			isa = PBXGroup;
			children = (
				23708B2426FC9592004B199C /* StopWatchViewModel.swift */,
			);
			path = ViewModels;
			sourceTree = "<group>";
		};
		23F5B1C227025D1C0064EE0C /* Unused Views */ = {
			isa = PBXGroup;
			children = (
				23708B1826FC76A1004B199C /* WelcomeView.swift */,
				23708B1A26FC777E004B199C /* BottomTextView.swift */,
				23708B1C26FC77D5004B199C /* StopwatchColor.swift */,
				23708B1E26FC78FE004B199C /* StartStopWatchView.swift */,
			);
			path = "Unused Views";
			sourceTree = "<group>";
		};
/* End PBXGroup section */

/* Begin PBXNativeTarget section */
		2301005826F85C77008EDCD9 /* Stopwatch */ = {
			isa = PBXNativeTarget;
			buildConfigurationList = 2301006826F85C79008EDCD9 /* Build configuration list for PBXNativeTarget "Stopwatch" */;
			buildPhases = (
				2301005526F85C77008EDCD9 /* Sources */,
				2301005626F85C77008EDCD9 /* Frameworks */,
				2301005726F85C77008EDCD9 /* Resources */,
			);
			buildRules = (
			);
			dependencies = (
			);
			name = Stopwatch;
			productName = Stopwatch;
			productReference = 2301005926F85C77008EDCD9 /* Stopwatch.app */;
			productType = "com.apple.product-type.application";
		};
/* End PBXNativeTarget section */

/* Begin PBXProject section */
		2301005126F85C77008EDCD9 /* Project object */ = {
			isa = PBXProject;
			attributes = {
				LastSwiftUpdateCheck = 1250;
				LastUpgradeCheck = 1250;
				TargetAttributes = {
					2301005826F85C77008EDCD9 = {
						CreatedOnToolsVersion = 12.5.1;
					};
				};
			};
			buildConfigurationList = 2301005426F85C77008EDCD9 /* Build configuration list for PBXProject "Stopwatch" */;
			compatibilityVersion = "Xcode 9.3";
			developmentRegion = en;
			hasScannedForEncodings = 0;
			knownRegions = (
				en,
				Base,
			);
			mainGroup = 2301005026F85C77008EDCD9;
			productRefGroup = 2301005A26F85C77008EDCD9 /* Products */;
			projectDirPath = "";
			projectRoot = "";
			targets = (
				2301005826F85C77008EDCD9 /* Stopwatch */,
			);
		};
/* End PBXProject section */

/* Begin PBXResourcesBuildPhase section */
		2301005726F85C77008EDCD9 /* Resources */ = {
			isa = PBXResourcesBuildPhase;
			buildActionMask = 2147483647;
			files = (
				2301006426F85C79008EDCD9 /* Preview Assets.xcassets in Resources */,
				2301006126F85C79008EDCD9 /* Assets.xcassets in Resources */,
			);
			runOnlyForDeploymentPostprocessing = 0;
		};
/* End PBXResourcesBuildPhase section */

/* Begin PBXSourcesBuildPhase section */
		2301005526F85C77008EDCD9 /* Sources */ = {
			isa = PBXSourcesBuildPhase;
			buildActionMask = 2147483647;
			files = (
				23708B1D26FC77D5004B199C /* StopwatchColor.swift in Sources */,
				23708B1B26FC777E004B199C /* BottomTextView.swift in Sources */,
				23708B2526FC9592004B199C /* StopWatchViewModel.swift in Sources */,
				23708B1926FC76A1004B199C /* WelcomeView.swift in Sources */,
				23B87DB92700F79F00B50290 /* ToggleTextButton.swift in Sources */,
				23708B1F26FC78FE004B199C /* StartStopWatchView.swift in Sources */,
				23B87DB72700F40200B50290 /* TestTimerZView.swift in Sources */,
				23708B1726FC6695004B199C /* Stopwatch.swift in Sources */,
				23708B2726FC9631004B199C /* StopWatch.swift in Sources */,
			);
			runOnlyForDeploymentPostprocessing = 0;
		};
/* End PBXSourcesBuildPhase section */

/* Begin XCBuildConfiguration section */
		2301006626F85C79008EDCD9 /* Debug */ = {
			isa = XCBuildConfiguration;
			buildSettings = {
				ALWAYS_SEARCH_USER_PATHS = NO;
				CLANG_ANALYZER_NONNULL = YES;
				CLANG_ANALYZER_NUMBER_OBJECT_CONVERSION = YES_AGGRESSIVE;
				CLANG_CXX_LANGUAGE_STANDARD = "gnu++14";
				CLANG_CXX_LIBRARY = "libc++";
				CLANG_ENABLE_MODULES = YES;
				CLANG_ENABLE_OBJC_ARC = YES;
				CLANG_ENABLE_OBJC_WEAK = YES;
				CLANG_WARN_BLOCK_CAPTURE_AUTORELEASING = YES;
				CLANG_WARN_BOOL_CONVERSION = YES;
				CLANG_WARN_COMMA = YES;
				CLANG_WARN_CONSTANT_CONVERSION = YES;
				CLANG_WARN_DEPRECATED_OBJC_IMPLEMENTATIONS = YES;
				CLANG_WARN_DIRECT_OBJC_ISA_USAGE = YES_ERROR;
				CLANG_WARN_DOCUMENTATION_COMMENTS = YES;
				CLANG_WARN_EMPTY_BODY = YES;
				CLANG_WARN_ENUM_CONVERSION = YES;
				CLANG_WARN_INFINITE_RECURSION = YES;
				CLANG_WARN_INT_CONVERSION = YES;
				CLANG_WARN_NON_LITERAL_NULL_CONVERSION = YES;
				CLANG_WARN_OBJC_IMPLICIT_RETAIN_SELF = YES;
				CLANG_WARN_OBJC_LITERAL_CONVERSION = YES;
				CLANG_WARN_OBJC_ROOT_CLASS = YES_ERROR;
				CLANG_WARN_QUOTED_INCLUDE_IN_FRAMEWORK_HEADER = YES;
				CLANG_WARN_RANGE_LOOP_ANALYSIS = YES;
				CLANG_WARN_STRICT_PROTOTYPES = YES;
				CLANG_WARN_SUSPICIOUS_MOVE = YES;
				CLANG_WARN_UNGUARDED_AVAILABILITY = YES_AGGRESSIVE;
				CLANG_WARN_UNREACHABLE_CODE = YES;
				CLANG_WARN__DUPLICATE_METHOD_MATCH = YES;
				COPY_PHASE_STRIP = NO;
				DEBUG_INFORMATION_FORMAT = dwarf;
				ENABLE_STRICT_OBJC_MSGSEND = YES;
				ENABLE_TESTABILITY = YES;
				GCC_C_LANGUAGE_STANDARD = gnu11;
				GCC_DYNAMIC_NO_PIC = NO;
				GCC_NO_COMMON_BLOCKS = YES;
				GCC_OPTIMIZATION_LEVEL = 0;
				GCC_PREPROCESSOR_DEFINITIONS = (
					"DEBUG=1",
					"$(inherited)",
				);
				GCC_WARN_64_TO_32_BIT_CONVERSION = YES;
				GCC_WARN_ABOUT_RETURN_TYPE = YES_ERROR;
				GCC_WARN_UNDECLARED_SELECTOR = YES;
				GCC_WARN_UNINITIALIZED_AUTOS = YES_AGGRESSIVE;
				GCC_WARN_UNUSED_FUNCTION = YES;
				GCC_WARN_UNUSED_VARIABLE = YES;
				IPHONEOS_DEPLOYMENT_TARGET = 14.5;
				MTL_ENABLE_DEBUG_INFO = INCLUDE_SOURCE;
				MTL_FAST_MATH = YES;
				ONLY_ACTIVE_ARCH = YES;
				SDKROOT = iphoneos;
				SWIFT_ACTIVE_COMPILATION_CONDITIONS = DEBUG;
				SWIFT_OPTIMIZATION_LEVEL = "-Onone";
			};
			name = Debug;
		};
		2301006726F85C79008EDCD9 /* Release */ = {
			isa = XCBuildConfiguration;
			buildSettings = {
				ALWAYS_SEARCH_USER_PATHS = NO;
				CLANG_ANALYZER_NONNULL = YES;
				CLANG_ANALYZER_NUMBER_OBJECT_CONVERSION = YES_AGGRESSIVE;
				CLANG_CXX_LANGUAGE_STANDARD = "gnu++14";
				CLANG_CXX_LIBRARY = "libc++";
				CLANG_ENABLE_MODULES = YES;
				CLANG_ENABLE_OBJC_ARC = YES;
				CLANG_ENABLE_OBJC_WEAK = YES;
				CLANG_WARN_BLOCK_CAPTURE_AUTORELEASING = YES;
				CLANG_WARN_BOOL_CONVERSION = YES;
				CLANG_WARN_COMMA = YES;
				CLANG_WARN_CONSTANT_CONVERSION = YES;
				CLANG_WARN_DEPRECATED_OBJC_IMPLEMENTATIONS = YES;
				CLANG_WARN_DIRECT_OBJC_ISA_USAGE = YES_ERROR;
				CLANG_WARN_DOCUMENTATION_COMMENTS = YES;
				CLANG_WARN_EMPTY_BODY = YES;
				CLANG_WARN_ENUM_CONVERSION = YES;
				CLANG_WARN_INFINITE_RECURSION = YES;
				CLANG_WARN_INT_CONVERSION = YES;
				CLANG_WARN_NON_LITERAL_NULL_CONVERSION = YES;
				CLANG_WARN_OBJC_IMPLICIT_RETAIN_SELF = YES;
				CLANG_WARN_OBJC_LITERAL_CONVERSION = YES;
				CLANG_WARN_OBJC_ROOT_CLASS = YES_ERROR;
				CLANG_WARN_QUOTED_INCLUDE_IN_FRAMEWORK_HEADER = YES;
				CLANG_WARN_RANGE_LOOP_ANALYSIS = YES;
				CLANG_WARN_STRICT_PROTOTYPES = YES;
				CLANG_WARN_SUSPICIOUS_MOVE = YES;
				CLANG_WARN_UNGUARDED_AVAILABILITY = YES_AGGRESSIVE;
				CLANG_WARN_UNREACHABLE_CODE = YES;
				CLANG_WARN__DUPLICATE_METHOD_MATCH = YES;
				COPY_PHASE_STRIP = NO;
				DEBUG_INFORMATION_FORMAT = "dwarf-with-dsym";
				ENABLE_NS_ASSERTIONS = NO;
				ENABLE_STRICT_OBJC_MSGSEND = YES;
				GCC_C_LANGUAGE_STANDARD = gnu11;
				GCC_NO_COMMON_BLOCKS = YES;
				GCC_WARN_64_TO_32_BIT_CONVERSION = YES;
				GCC_WARN_ABOUT_RETURN_TYPE = YES_ERROR;
				GCC_WARN_UNDECLARED_SELECTOR = YES;
				GCC_WARN_UNINITIALIZED_AUTOS = YES_AGGRESSIVE;
				GCC_WARN_UNUSED_FUNCTION = YES;
				GCC_WARN_UNUSED_VARIABLE = YES;
				IPHONEOS_DEPLOYMENT_TARGET = 14.5;
				MTL_ENABLE_DEBUG_INFO = NO;
				MTL_FAST_MATH = YES;
				SDKROOT = iphoneos;
				SWIFT_COMPILATION_MODE = wholemodule;
				SWIFT_OPTIMIZATION_LEVEL = "-O";
				VALIDATE_PRODUCT = YES;
			};
			name = Release;
		};
		2301006926F85C79008EDCD9 /* Debug */ = {
			isa = XCBuildConfiguration;
			buildSettings = {
				ASSETCATALOG_COMPILER_APPICON_NAME = AppIcon;
				ASSETCATALOG_COMPILER_GLOBAL_ACCENT_COLOR_NAME = AccentColor;
				CODE_SIGN_STYLE = Automatic;
				DEVELOPMENT_ASSET_PATHS = "\"Stopwatch/Preview Content\"";
				ENABLE_PREVIEWS = YES;
				INFOPLIST_FILE = Stopwatch/Info.plist;
				IPHONEOS_DEPLOYMENT_TARGET = 14.0;
				LD_RUNPATH_SEARCH_PATHS = (
					"$(inherited)",
					"@executable_path/Frameworks",
				);
				PRODUCT_BUNDLE_IDENTIFIER = in.zebuinfotech.Stopwatch;
				PRODUCT_NAME = "$(TARGET_NAME)";
				SWIFT_VERSION = 5.0;
				TARGETED_DEVICE_FAMILY = "1,2";
			};
			name = Debug;
		};
		2301006A26F85C79008EDCD9 /* Release */ = {
			isa = XCBuildConfiguration;
			buildSettings = {
				ASSETCATALOG_COMPILER_APPICON_NAME = AppIcon;
				ASSETCATALOG_COMPILER_GLOBAL_ACCENT_COLOR_NAME = AccentColor;
				CODE_SIGN_STYLE = Automatic;
				DEVELOPMENT_ASSET_PATHS = "\"Stopwatch/Preview Content\"";
				ENABLE_PREVIEWS = YES;
				INFOPLIST_FILE = Stopwatch/Info.plist;
				IPHONEOS_DEPLOYMENT_TARGET = 14.0;
				LD_RUNPATH_SEARCH_PATHS = (
					"$(inherited)",
					"@executable_path/Frameworks",
				);
				PRODUCT_BUNDLE_IDENTIFIER = in.zebuinfotech.Stopwatch;
				PRODUCT_NAME = "$(TARGET_NAME)";
				SWIFT_VERSION = 5.0;
				TARGETED_DEVICE_FAMILY = "1,2";
			};
			name = Release;
		};
/* End XCBuildConfiguration section */

/* Begin XCConfigurationList section */
		2301005426F85C77008EDCD9 /* Build configuration list for PBXProject "Stopwatch" */ = {
			isa = XCConfigurationList;
			buildConfigurations = (
				2301006626F85C79008EDCD9 /* Debug */,
				2301006726F85C79008EDCD9 /* Release */,
			);
			defaultConfigurationIsVisible = 0;
			defaultConfigurationName = Release;
		};
		2301006826F85C79008EDCD9 /* Build configuration list for PBXNativeTarget "Stopwatch" */ = {
			isa = XCConfigurationList;
			buildConfigurations = (
				2301006926F85C79008EDCD9 /* Debug */,
				2301006A26F85C79008EDCD9 /* Release */,
			);
			defaultConfigurationIsVisible = 0;
			defaultConfigurationName = Release;
		};
/* End XCConfigurationList section */
	};
	rootObject = 2301005126F85C77008EDCD9 /* Project object */;
}
